
Microsoft Visual Studio Solution File, Format Version 12.00
# Visual Studio 2013
VisualStudioVersion = 12.0.31101.0
MinimumVisualStudioVersion = 10.0.40219.1
Project("{FAE04EC0-301F-11D3-BF4B-00C04F79EFBC}") = "TestMoveIdentity", "TestMoveIdentity\TestMoveIdentity.csproj", "{E6DAD28B-739A-4757-96D3-0F194B5C2A72}"
EndProject
Project("{FAE04EC0-301F-11D3-BF4B-00C04F79EFBC}") = "Foco.MSIdentity", "Foco.MSIdentity\Foco.MSIdentity.csproj", "{B452DCD8-0984-4B2E-9046-D96024064EE7}"
EndProject
Global
	GlobalSection(SolutionConfigurationPlatforms) = preSolution
		Debug|Any CPU = Debug|Any CPU
		Release|Any CPU = Release|Any CPU
	EndGlobalSection
	GlobalSection(ProjectConfigurationPlatforms) = postSolution
		{E6DAD28B-739A-4757-96D3-0F194B5C2A72}.Debug|Any CPU.ActiveCfg = Debug|Any CPU
		{E6DAD28B-739A-4757-96D3-0F194B5C2A72}.Debug|Any CPU.Build.0 = Debug|Any CPU
		{E6DAD28B-739A-4757-96D3-0F194B5C2A72}.Release|Any CPU.ActiveCfg = Release|Any CPU
		{E6DAD28B-739A-4757-96D3-0F194B5C2A72}.Release|Any CPU.Build.0 = Release|Any CPU
		{B452DCD8-0984-4B2E-9046-D96024064EE7}.Debug|Any CPU.ActiveCfg = Debug|Any CPU
		{B452DCD8-0984-4B2E-9046-D96024064EE7}.Debug|Any CPU.Build.0 = Debug|Any CPU
		{B452DCD8-0984-4B2E-9046-D96024064EE7}.Release|Any CPU.ActiveCfg = Release|Any CPU
		{B452DCD8-0984-4B2E-9046-D96024064EE7}.Release|Any CPU.Build.0 = Release|Any CPU
	EndGlobalSection
	GlobalSection(SolutionProperties) = preSolution
		HideSolutionNode = FALSE
	EndGlobalSection
EndGlobal
